
Microsoft Visual Studio Solution File, Format Version 12.00
# Visual Studio Version 16
VisualStudioVersion = 16.0.31624.102
MinimumVisualStudioVersion = 10.0.40219.1
Project("{FAE04EC0-301F-11D3-BF4B-00C04F79EFBC}") = "1911062442_LeTanHuy_BigSchool", "1911062442_LeTanHuy_BigSchool\1911062442_LeTanHuy_BigSchool.csproj", "{5446D392-6076-448E-AAA9-292A5160A8BB}"
EndProject
Global
	GlobalSection(SolutionConfigurationPlatforms) = preSolution
		Debug|Any CPU = Debug|Any CPU
		Release|Any CPU = Release|Any CPU
	EndGlobalSection
	GlobalSection(ProjectConfigurationPlatforms) = postSolution
		{5446D392-6076-448E-AAA9-292A5160A8BB}.Debug|Any CPU.ActiveCfg = Debug|Any CPU
		{5446D392-6076-448E-AAA9-292A5160A8BB}.Debug|Any CPU.Build.0 = Debug|Any CPU
		{5446D392-6076-448E-AAA9-292A5160A8BB}.Release|Any CPU.ActiveCfg = Release|Any CPU
		{5446D392-6076-448E-AAA9-292A5160A8BB}.Release|Any CPU.Build.0 = Release|Any CPU
	EndGlobalSection
	GlobalSection(SolutionProperties) = preSolution
		HideSolutionNode = FALSE
	EndGlobalSection
	GlobalSection(ExtensibilityGlobals) = postSolution
		SolutionGuid = {B5051A96-4910-43A9-878B-830B850D0221}
	EndGlobalSection
EndGlobal
